
Microsoft Visual Studio Solution File, Format Version 12.00
# Visual Studio Version 16
VisualStudioVersion = 16.0.810.13
MinimumVisualStudioVersion = 10.0.40219.1
Project("{FAE04EC0-301F-11D3-BF4B-00C04F79EFBC}") = "API", "API\API.csproj", "{CDCA0398-9E73-45FE-9A75-72C9341AB78B}"
EndProject
Project("{FAE04EC0-301F-11D3-BF4B-00C04F79EFBC}") = "API.DAL", "API.DAL\API.DAL.csproj", "{F69500F4-9CFB-4937-84A9-77E9BB201E19}"
EndProject
Global
	GlobalSection(SolutionConfigurationPlatforms) = preSolution
		Debug|Any CPU = Debug|Any CPU
		Release|Any CPU = Release|Any CPU
	EndGlobalSection
	GlobalSection(ProjectConfigurationPlatforms) = postSolution
		{CDCA0398-9E73-45FE-9A75-72C9341AB78B}.Debug|Any CPU.ActiveCfg = Debug|Any CPU
		{CDCA0398-9E73-45FE-9A75-72C9341AB78B}.Debug|Any CPU.Build.0 = Debug|Any CPU
		{CDCA0398-9E73-45FE-9A75-72C9341AB78B}.Release|Any CPU.ActiveCfg = Release|Any CPU
		{CDCA0398-9E73-45FE-9A75-72C9341AB78B}.Release|Any CPU.Build.0 = Release|Any CPU
		{F69500F4-9CFB-4937-84A9-77E9BB201E19}.Debug|Any CPU.ActiveCfg = Debug|Any CPU
		{F69500F4-9CFB-4937-84A9-77E9BB201E19}.Debug|Any CPU.Build.0 = Debug|Any CPU
		{F69500F4-9CFB-4937-84A9-77E9BB201E19}.Release|Any CPU.ActiveCfg = Release|Any CPU
		{F69500F4-9CFB-4937-84A9-77E9BB201E19}.Release|Any CPU.Build.0 = Release|Any CPU
	EndGlobalSection
	GlobalSection(SolutionProperties) = preSolution
		HideSolutionNode = FALSE
	EndGlobalSection
	GlobalSection(ExtensibilityGlobals) = postSolution
		SolutionGuid = {753D681E-2147-458D-BFD9-D4E6BA9B46B8}
	EndGlobalSection
EndGlobal
